
Microsoft Visual Studio Solution File, Format Version 12.00
# Visual Studio Version 17
VisualStudioVersion = 17.4.33103.184
MinimumVisualStudioVersion = 10.0.40219.1
Project("{FAE04EC0-301F-11D3-BF4B-00C04F79EFBC}") = "Temperature converter", "Temperature converter\Temperature converter.csproj", "{713A0C3E-5C9B-4991-9EF7-753E1BCA1358}"
EndProject
Global
	GlobalSection(SolutionConfigurationPlatforms) = preSolution
		Debug|Any CPU = Debug|Any CPU
		Release|Any CPU = Release|Any CPU
	EndGlobalSection
	GlobalSection(ProjectConfigurationPlatforms) = postSolution
		{713A0C3E-5C9B-4991-9EF7-753E1BCA1358}.Debug|Any CPU.ActiveCfg = Debug|Any CPU
		{713A0C3E-5C9B-4991-9EF7-753E1BCA1358}.Debug|Any CPU.Build.0 = Debug|Any CPU
		{713A0C3E-5C9B-4991-9EF7-753E1BCA1358}.Release|Any CPU.ActiveCfg = Release|Any CPU
		{713A0C3E-5C9B-4991-9EF7-753E1BCA1358}.Release|Any CPU.Build.0 = Release|Any CPU
	EndGlobalSection
	GlobalSection(SolutionProperties) = preSolution
		HideSolutionNode = FALSE
	EndGlobalSection
	GlobalSection(ExtensibilityGlobals) = postSolution
		SolutionGuid = {2D5A8CC5-5B4D-49FB-B25C-D12410D33FEE}
	EndGlobalSection
EndGlobal
